
Microsoft Visual Studio Solution File, Format Version 12.00
# Visual Studio Version 17
VisualStudioVersion = 17.9.34607.119
MinimumVisualStudioVersion = 10.0.40219.1
Project("{FAE04EC0-301F-11D3-BF4B-00C04F79EFBC}") = "SistemaDeAprendizaje", "SistemaDeAprendizaje.csproj", "{A08ABAEC-927C-469C-BDE3-A7A28A26EEE7}"
EndProject
Project("{FAE04EC0-301F-11D3-BF4B-00C04F79EFBC}") = "Diossalve", "..\Diossalve\Diossalve.csproj", "{B952C4A5-0331-4858-844F-38C743E4AD03}"
EndProject
Global
	GlobalSection(SolutionConfigurationPlatforms) = preSolution
		Debug|Any CPU = Debug|Any CPU
		Release|Any CPU = Release|Any CPU
	EndGlobalSection
	GlobalSection(ProjectConfigurationPlatforms) = postSolution
		{A08ABAEC-927C-469C-BDE3-A7A28A26EEE7}.Debug|Any CPU.ActiveCfg = Debug|Any CPU
		{A08ABAEC-927C-469C-BDE3-A7A28A26EEE7}.Debug|Any CPU.Build.0 = Debug|Any CPU
		{A08ABAEC-927C-469C-BDE3-A7A28A26EEE7}.Release|Any CPU.ActiveCfg = Release|Any CPU
		{A08ABAEC-927C-469C-BDE3-A7A28A26EEE7}.Release|Any CPU.Build.0 = Release|Any CPU
		{B952C4A5-0331-4858-844F-38C743E4AD03}.Debug|Any CPU.ActiveCfg = Debug|Any CPU
		{B952C4A5-0331-4858-844F-38C743E4AD03}.Debug|Any CPU.Build.0 = Debug|Any CPU
		{B952C4A5-0331-4858-844F-38C743E4AD03}.Release|Any CPU.ActiveCfg = Release|Any CPU
		{B952C4A5-0331-4858-844F-38C743E4AD03}.Release|Any CPU.Build.0 = Release|Any CPU
	EndGlobalSection
	GlobalSection(SolutionProperties) = preSolution
		HideSolutionNode = FALSE
	EndGlobalSection
	GlobalSection(ExtensibilityGlobals) = postSolution
		SolutionGuid = {84877507-13C3-4B05-AFFF-108ACC4ADC2C}
	EndGlobalSection
EndGlobal
